
Microsoft Visual Studio Solution File, Format Version 12.00
# Visual Studio Version 16
VisualStudioVersion = 16.0.30204.135
MinimumVisualStudioVersion = 10.0.40219.1
Project("{9A19103F-16F7-4668-BE54-9A1E7A4F7556}") = "Program_testowy", "Program_testowy.csproj", "{9F6D04D6-095F-47A0-8FAB-60B387173326}"
EndProject
Global
	GlobalSection(SolutionConfigurationPlatforms) = preSolution
		Debug|Any CPU = Debug|Any CPU
		Release|Any CPU = Release|Any CPU
	EndGlobalSection
	GlobalSection(ProjectConfigurationPlatforms) = postSolution
		{9F6D04D6-095F-47A0-8FAB-60B387173326}.Debug|Any CPU.ActiveCfg = Debug|Any CPU
		{9F6D04D6-095F-47A0-8FAB-60B387173326}.Debug|Any CPU.Build.0 = Debug|Any CPU
		{9F6D04D6-095F-47A0-8FAB-60B387173326}.Release|Any CPU.ActiveCfg = Release|Any CPU
		{9F6D04D6-095F-47A0-8FAB-60B387173326}.Release|Any CPU.Build.0 = Release|Any CPU
	EndGlobalSection
	GlobalSection(SolutionProperties) = preSolution
		HideSolutionNode = FALSE
	EndGlobalSection
	GlobalSection(ExtensibilityGlobals) = postSolution
		SolutionGuid = {A5FBB3BD-5B24-41A2-977F-664BB3D377D8}
	EndGlobalSection
EndGlobal
